
Microsoft Visual Studio Solution File, Format Version 12.00
# Visual Studio Version 16
VisualStudioVersion = 16.0.30204.135
MinimumVisualStudioVersion = 10.0.40219.1
Project("{8BC9CEB8-8B4A-11D0-8D11-00A0C91BC942}") = "MFCserialport", "MFCserialport\MFCserialport.vcxproj", "{C7FFB617-2F96-42DF-9E2F-DFB5954424CF}"
EndProject
Global
	GlobalSection(SolutionConfigurationPlatforms) = preSolution
		Debug|x64 = Debug|x64
		Debug|x86 = Debug|x86
		Release|x64 = Release|x64
		Release|x86 = Release|x86
	EndGlobalSection
	GlobalSection(ProjectConfigurationPlatforms) = postSolution
		{C7FFB617-2F96-42DF-9E2F-DFB5954424CF}.Debug|x64.ActiveCfg = Debug|x64
		{C7FFB617-2F96-42DF-9E2F-DFB5954424CF}.Debug|x64.Build.0 = Debug|x64
		{C7FFB617-2F96-42DF-9E2F-DFB5954424CF}.Debug|x86.ActiveCfg = Debug|Win32
		{C7FFB617-2F96-42DF-9E2F-DFB5954424CF}.Debug|x86.Build.0 = Debug|Win32
		{C7FFB617-2F96-42DF-9E2F-DFB5954424CF}.Release|x64.ActiveCfg = Release|x64
		{C7FFB617-2F96-42DF-9E2F-DFB5954424CF}.Release|x64.Build.0 = Release|x64
		{C7FFB617-2F96-42DF-9E2F-DFB5954424CF}.Release|x86.ActiveCfg = Release|Win32
		{C7FFB617-2F96-42DF-9E2F-DFB5954424CF}.Release|x86.Build.0 = Release|Win32
	EndGlobalSection
	GlobalSection(SolutionProperties) = preSolution
		HideSolutionNode = FALSE
	EndGlobalSection
	GlobalSection(ExtensibilityGlobals) = postSolution
		SolutionGuid = {DBA00926-7972-43C3-AC62-AE05F8FCD0A9}
	EndGlobalSection
EndGlobal
